
Microsoft Visual Studio Solution File, Format Version 12.00
# Visual Studio Version 17
VisualStudioVersion = 17.4.33403.182
MinimumVisualStudioVersion = 10.0.40219.1
Project("{9A19103F-16F7-4668-BE54-9A1E7A4F7556}") = "fwRelik.Terminal", "fwRelik.Terminal.csproj", "{5F9EEDAA-A637-4DA2-9CC1-FF4C6BF872AA}"
EndProject
Global
	GlobalSection(SolutionConfigurationPlatforms) = preSolution
		Debug|Any CPU = Debug|Any CPU
		Release|Any CPU = Release|Any CPU
	EndGlobalSection
	GlobalSection(ProjectConfigurationPlatforms) = postSolution
		{5F9EEDAA-A637-4DA2-9CC1-FF4C6BF872AA}.Debug|Any CPU.ActiveCfg = Release|Any CPU
		{5F9EEDAA-A637-4DA2-9CC1-FF4C6BF872AA}.Debug|Any CPU.Build.0 = Release|Any CPU
		{5F9EEDAA-A637-4DA2-9CC1-FF4C6BF872AA}.Release|Any CPU.ActiveCfg = Release|Any CPU
		{5F9EEDAA-A637-4DA2-9CC1-FF4C6BF872AA}.Release|Any CPU.Build.0 = Release|Any CPU
	EndGlobalSection
	GlobalSection(SolutionProperties) = preSolution
		HideSolutionNode = FALSE
	EndGlobalSection
	GlobalSection(ExtensibilityGlobals) = postSolution
		SolutionGuid = {B9BCBF06-5FC4-4AF1-93BC-C24D94ACC219}
	EndGlobalSection
EndGlobal
